
Microsoft Visual Studio Solution File, Format Version 12.00
# Visual Studio Version 17
VisualStudioVersion = 17.7.34024.191
MinimumVisualStudioVersion = 10.0.40219.1
Project("{888888A0-9F3D-457C-B088-3A5042F75D52}") = "testGraph", "testGraph.pyproj", "{4311625B-8B0C-45C1-B2C3-C7CFC084E381}"
EndProject
Global
	GlobalSection(SolutionConfigurationPlatforms) = preSolution
		Debug|Any CPU = Debug|Any CPU
		Release|Any CPU = Release|Any CPU
	EndGlobalSection
	GlobalSection(ProjectConfigurationPlatforms) = postSolution
		{4311625B-8B0C-45C1-B2C3-C7CFC084E381}.Debug|Any CPU.ActiveCfg = Debug|Any CPU
		{4311625B-8B0C-45C1-B2C3-C7CFC084E381}.Release|Any CPU.ActiveCfg = Release|Any CPU
	EndGlobalSection
	GlobalSection(SolutionProperties) = preSolution
		HideSolutionNode = FALSE
	EndGlobalSection
	GlobalSection(ExtensibilityGlobals) = postSolution
		SolutionGuid = {D38FE3B1-F147-45D0-AB49-CEF00C8EF8D7}
	EndGlobalSection
EndGlobal
