
Microsoft Visual Studio Solution File, Format Version 12.00
# Visual Studio Version 16
VisualStudioVersion = 16.0.31613.86
MinimumVisualStudioVersion = 10.0.40219.1
Project("{9A19103F-16F7-4668-BE54-9A1E7A4F7556}") = "SVSModel", "SVSModel.csproj", "{255D77C7-5338-42BC-A136-8801657D51BB}"
EndProject
Project("{2150E333-8FDC-42A3-9474-1A3956D46DE8}") = "NewFolder1", "NewFolder1", "{8919122D-ED28-4E5D-BF46-3D983EE9F070}"
EndProject
Global
	GlobalSection(SolutionConfigurationPlatforms) = preSolution
		Debug|Any CPU = Debug|Any CPU
		Release|Any CPU = Release|Any CPU
	EndGlobalSection
	GlobalSection(ProjectConfigurationPlatforms) = postSolution
		{255D77C7-5338-42BC-A136-8801657D51BB}.Debug|Any CPU.ActiveCfg = Debug|Any CPU
		{255D77C7-5338-42BC-A136-8801657D51BB}.Debug|Any CPU.Build.0 = Debug|Any CPU
		{255D77C7-5338-42BC-A136-8801657D51BB}.Release|Any CPU.ActiveCfg = Release|Any CPU
		{255D77C7-5338-42BC-A136-8801657D51BB}.Release|Any CPU.Build.0 = Release|Any CPU
	EndGlobalSection
	GlobalSection(SolutionProperties) = preSolution
		HideSolutionNode = FALSE
	EndGlobalSection
	GlobalSection(ExtensibilityGlobals) = postSolution
		SolutionGuid = {65DAB7A8-9FD1-4073-9D72-0D12C600CE16}
	EndGlobalSection
EndGlobal
